
Microsoft Visual Studio Solution File, Format Version 12.00
# Visual Studio Version 17
VisualStudioVersion = 17.8.34601.278
MinimumVisualStudioVersion = 10.0.40219.1
Project("{8BC9CEB8-8B4A-11D0-8D11-00A0C91BC942}") = "demo1", "demo1.vcxproj", "{6EC2C57F-8B6A-4D04-9DC9-D39D4579A643}"
EndProject
Global
	GlobalSection(SolutionConfigurationPlatforms) = preSolution
		Debug|x64 = Debug|x64
		Debug|x86 = Debug|x86
		Release|x64 = Release|x64
		Release|x86 = Release|x86
	EndGlobalSection
	GlobalSection(ProjectConfigurationPlatforms) = postSolution
		{6EC2C57F-8B6A-4D04-9DC9-D39D4579A643}.Debug|x64.ActiveCfg = Debug|x64
		{6EC2C57F-8B6A-4D04-9DC9-D39D4579A643}.Debug|x64.Build.0 = Debug|x64
		{6EC2C57F-8B6A-4D04-9DC9-D39D4579A643}.Debug|x86.ActiveCfg = Debug|Win32
		{6EC2C57F-8B6A-4D04-9DC9-D39D4579A643}.Debug|x86.Build.0 = Debug|Win32
		{6EC2C57F-8B6A-4D04-9DC9-D39D4579A643}.Release|x64.ActiveCfg = Release|x64
		{6EC2C57F-8B6A-4D04-9DC9-D39D4579A643}.Release|x64.Build.0 = Release|x64
		{6EC2C57F-8B6A-4D04-9DC9-D39D4579A643}.Release|x86.ActiveCfg = Release|Win32
		{6EC2C57F-8B6A-4D04-9DC9-D39D4579A643}.Release|x86.Build.0 = Release|Win32
	EndGlobalSection
	GlobalSection(SolutionProperties) = preSolution
		HideSolutionNode = FALSE
	EndGlobalSection
	GlobalSection(ExtensibilityGlobals) = postSolution
		SolutionGuid = {F5C77C69-9B9B-4320-A8F2-7314FD6D7414}
	EndGlobalSection
EndGlobal
